
Microsoft Visual Studio Solution File, Format Version 12.00
# Visual Studio 2012
Project("{FAE04EC0-301F-11D3-BF4B-00C04F79EFBC}") = "WCFRESTService", "WCFRestService\WCFRESTService.csproj", "{F1EFD9F1-2F5A-4B9D-85E7-9854E3606C22}"
EndProject
Project("{FAE04EC0-301F-11D3-BF4B-00C04F79EFBC}") = "WCFRESTServiceHost", "WCFRESTServiceHost\WCFRESTServiceHost.csproj", "{57F27102-48B9-4C41-8AFC-0EC8972CC6D9}"
EndProject
Global
	GlobalSection(SolutionConfigurationPlatforms) = preSolution
		Debug|Any CPU = Debug|Any CPU
		Release|Any CPU = Release|Any CPU
	EndGlobalSection
	GlobalSection(ProjectConfigurationPlatforms) = postSolution
		{57F27102-48B9-4C41-8AFC-0EC8972CC6D9}.Debug|Any CPU.ActiveCfg = Debug|Any CPU
		{57F27102-48B9-4C41-8AFC-0EC8972CC6D9}.Debug|Any CPU.Build.0 = Debug|Any CPU
		{57F27102-48B9-4C41-8AFC-0EC8972CC6D9}.Release|Any CPU.ActiveCfg = Release|Any CPU
		{57F27102-48B9-4C41-8AFC-0EC8972CC6D9}.Release|Any CPU.Build.0 = Release|Any CPU
		{F1EFD9F1-2F5A-4B9D-85E7-9854E3606C22}.Debug|Any CPU.ActiveCfg = Debug|Any CPU
		{F1EFD9F1-2F5A-4B9D-85E7-9854E3606C22}.Debug|Any CPU.Build.0 = Debug|Any CPU
		{F1EFD9F1-2F5A-4B9D-85E7-9854E3606C22}.Release|Any CPU.ActiveCfg = Release|Any CPU
		{F1EFD9F1-2F5A-4B9D-85E7-9854E3606C22}.Release|Any CPU.Build.0 = Release|Any CPU
	EndGlobalSection
EndGlobal
